
Microsoft Visual Studio Solution File, Format Version 12.00
# Visual Studio Version 16
VisualStudioVersion = 16.0.30114.105
MinimumVisualStudioVersion = 10.0.40219.1
Project("{FAE04EC0-301F-11D3-BF4B-00C04F79EFBC}") = "API", "API\API.csproj", "{86443680-3645-4A79-A35F-EC179E62B8DA}"
EndProject
Project("{FAE04EC0-301F-11D3-BF4B-00C04F79EFBC}") = "Application", "Application\Application.csproj", "{68769877-72B8-47F3-9D72-98D75395DA4C}"
EndProject
Project("{FAE04EC0-301F-11D3-BF4B-00C04F79EFBC}") = "Persistence", "Persistence\Persistence.csproj", "{06EED0B8-98A0-48BD-9EF3-5440CE83EA67}"
EndProject
Project("{FAE04EC0-301F-11D3-BF4B-00C04F79EFBC}") = "Domain", "Domain\Domain.csproj", "{163B57EA-6596-4D25-9982-6F4891275D28}"
EndProject
Global
	GlobalSection(SolutionConfigurationPlatforms) = preSolution
		Debug|Any CPU = Debug|Any CPU
		Release|Any CPU = Release|Any CPU
	EndGlobalSection
	GlobalSection(SolutionProperties) = preSolution
		HideSolutionNode = FALSE
	EndGlobalSection
	GlobalSection(ProjectConfigurationPlatforms) = postSolution
		{86443680-3645-4A79-A35F-EC179E62B8DA}.Debug|Any CPU.ActiveCfg = Debug|Any CPU
		{86443680-3645-4A79-A35F-EC179E62B8DA}.Debug|Any CPU.Build.0 = Debug|Any CPU
		{86443680-3645-4A79-A35F-EC179E62B8DA}.Release|Any CPU.ActiveCfg = Release|Any CPU
		{86443680-3645-4A79-A35F-EC179E62B8DA}.Release|Any CPU.Build.0 = Release|Any CPU
		{68769877-72B8-47F3-9D72-98D75395DA4C}.Debug|Any CPU.ActiveCfg = Debug|Any CPU
		{68769877-72B8-47F3-9D72-98D75395DA4C}.Debug|Any CPU.Build.0 = Debug|Any CPU
		{68769877-72B8-47F3-9D72-98D75395DA4C}.Release|Any CPU.ActiveCfg = Release|Any CPU
		{68769877-72B8-47F3-9D72-98D75395DA4C}.Release|Any CPU.Build.0 = Release|Any CPU
		{06EED0B8-98A0-48BD-9EF3-5440CE83EA67}.Debug|Any CPU.ActiveCfg = Debug|Any CPU
		{06EED0B8-98A0-48BD-9EF3-5440CE83EA67}.Debug|Any CPU.Build.0 = Debug|Any CPU
		{06EED0B8-98A0-48BD-9EF3-5440CE83EA67}.Release|Any CPU.ActiveCfg = Release|Any CPU
		{06EED0B8-98A0-48BD-9EF3-5440CE83EA67}.Release|Any CPU.Build.0 = Release|Any CPU
		{163B57EA-6596-4D25-9982-6F4891275D28}.Debug|Any CPU.ActiveCfg = Debug|Any CPU
		{163B57EA-6596-4D25-9982-6F4891275D28}.Debug|Any CPU.Build.0 = Debug|Any CPU
		{163B57EA-6596-4D25-9982-6F4891275D28}.Release|Any CPU.ActiveCfg = Release|Any CPU
		{163B57EA-6596-4D25-9982-6F4891275D28}.Release|Any CPU.Build.0 = Release|Any CPU
	EndGlobalSection
EndGlobal
